
Microsoft Visual Studio Solution File, Format Version 12.00
# Visual Studio 15
VisualStudioVersion = 15.0.28307.572
MinimumVisualStudioVersion = 10.0.40219.1
Project("{FAE04EC0-301F-11D3-BF4B-00C04F79EFBC}") = "WindowsFormsApp11", "WindowsFormsApp11\WindowsFormsApp11.csproj", "{CBE0E604-9CC2-4E77-8098-2AE848501DA2}"
EndProject
Global
	GlobalSection(SolutionConfigurationPlatforms) = preSolution
		Debug|Any CPU = Debug|Any CPU
		Release|Any CPU = Release|Any CPU
	EndGlobalSection
	GlobalSection(ProjectConfigurationPlatforms) = postSolution
		{CBE0E604-9CC2-4E77-8098-2AE848501DA2}.Debug|Any CPU.ActiveCfg = Debug|Any CPU
		{CBE0E604-9CC2-4E77-8098-2AE848501DA2}.Debug|Any CPU.Build.0 = Debug|Any CPU
		{CBE0E604-9CC2-4E77-8098-2AE848501DA2}.Release|Any CPU.ActiveCfg = Release|Any CPU
		{CBE0E604-9CC2-4E77-8098-2AE848501DA2}.Release|Any CPU.Build.0 = Release|Any CPU
	EndGlobalSection
	GlobalSection(SolutionProperties) = preSolution
		HideSolutionNode = FALSE
	EndGlobalSection
	GlobalSection(ExtensibilityGlobals) = postSolution
		SolutionGuid = {B7F64DB2-4F4C-4C6F-8BEA-C9693215CE8F}
	EndGlobalSection
EndGlobal
